# Generated by scripts/lock-refresh.sh — review before release
schema: atlas.sources.lock/v1
atlas_version: "0.1.0-alpha"
locked_at: "2026-07-13T09:12:35Z"
status: locked
notes: >
  Phase 2 core developer payload. No Wikipedia ZIM or starter models.
assets_json: |
  [
    {
      "type": "oci",
      "ref": "mysql:8.0",
      "digest": "sha256:7dcddc01f13bab2f15cde676d44d01f61fc9f99fe7785e86196dfc07d358ae2b",
      "archive": "oci/mysql_8.0.tar",
      "status": "resolved",
      "archive_sha256": "30a2154a85f29dd10916d434415d992e21dd3441f93b1b816e237d58da85e63f",
      "archive_bytes": 817891840
    },
    {
      "type": "oci",
      "ref": "redis:7-alpine",
      "digest": "sha256:6ab0b6e7381779332f97b8ca76193e45b0756f38d4c0dcda72dbb3c32061ab99",
      "archive": "oci/redis_7-alpine.tar",
      "status": "resolved",
      "archive_sha256": "65d662de966415e1819d0a53fa0c87925c5c858879ca91d52b90ac6bcd4a0a64",
      "archive_bytes": 39909376
    },
    {
      "type": "oci",
      "ref": "ghcr.io/kiwix/kiwix-serve:3.8.2",
      "digest": "sha256:57baa553c46cd30770905df15a9a687258aa5471c30c8edaefe278f1784e1aa8",
      "archive": "oci/ghcr.io_kiwix_kiwix-serve_3.8.2.tar",
      "status": "resolved",
      "archive_sha256": "a9883b796f066203eff0efb9756aa7d6adc8bb7b33cc85d1cf11efe19da0bf6c",
      "archive_bytes": 66062336
    },
    {
      "type": "oci",
      "ref": "qdrant/qdrant:v1.16",
      "digest": "sha256:0425e3e03e7fd9b3dc95c4214546afe19de2eb2e28ca621441a56663ac6e1f46",
      "archive": "oci/qdrant_qdrant_v1.16.tar",
      "status": "resolved",
      "archive_sha256": "d124b687891e95d55e1c4209b0df8f231ab9d7851c75d5a1c0be112aacf143d8",
      "archive_bytes": 192451072
    },
    {
      "type": "oci",
      "ref": "treehouses/kolibri:0.12.8",
      "digest": "sha256:89dc5b39f9166d03ff11bfcb8999fc9598be3e62a25911adabd305f980b68672",
      "archive": "oci/treehouses_kolibri_0.12.8.tar",
      "status": "resolved",
      "archive_sha256": "4a7f3a99c0b1c91ce03cd6676f0a5a252a9e8bb8dd57daccab0608105575310c",
      "archive_bytes": 253710848
    },
    {
      "type": "oci",
      "ref": "ghcr.io/gchq/cyberchef:10.24",
      "digest": "sha256:58d2bcefe3f32b066eafca07353aae31b961ca7765fe4bcb913aba6bb8b8dd81",
      "archive": "oci/ghcr.io_gchq_cyberchef_10.24.tar",
      "status": "resolved",
      "archive_sha256": "f2d6e2168468bef446e285fb42e995505fe198526df676391e477d46710e6124",
      "archive_bytes": 215138304
    },
    {
      "type": "oci",
      "ref": "dullage/flatnotes:v5.5.4",
      "digest": "sha256:a509830073d6548d35450a98be3a432716430b674cc70ac93cbbaed1555b5a28",
      "archive": "oci/dullage_flatnotes_v5.5.4.tar",
      "status": "resolved",
      "archive_sha256": "e535656ba87ad8a21ac1f78fcc88b6df53ff4d2a74f72ec476c4da486b19ccd6",
      "archive_bytes": 252794880
    },
    {
      "type": "oci",
      "ref": "ghcr.io/crosstalk-solutions/project-nomad:v1.33.0",
      "digest": "sha256:e0240ec836396bfefa7934851e05b11a151512e8e1b8a784d3d5adfad85c9bcf",
      "archive": "oci/ghcr.io_crosstalk-solutions_project-nomad_v1.33.0.tar",
      "status": "resolved",
      "archive_sha256": "188bb912502a060366161075d656f846e4fc3dc587f3da6ed972aa9ac1282128",
      "archive_bytes": 1814449152
    },
    {
      "type": "file",
      "id": "ollama-linux-amd64",
      "version": "0.31.2",
      "url": "https://github.com/ollama/ollama/releases/download/v0.31.2/ollama-linux-amd64.tar.zst",
      "sha256": "2c88f0f31a959bac5a3cad4cc5296ec568551d4aa79f548f554adb2b575b3133",
      "path": "ollama/ollama-linux-amd64-0.31.2.tar.zst",
      "status": "resolved",
      "archive_sha256": "2c88f0f31a959bac5a3cad4cc5296ec568551d4aa79f548f554adb2b575b3133",
      "archive_bytes": 1435434289
    },
    {
      "type": "source",
      "id": "project-nomad",
      "version": "v1.33.0",
      "url": "https://github.com/Crosstalk-Solutions/project-nomad/archive/refs/tags/v1.33.0.tar.gz",
      "path": "source/project-nomad-v1.33.0.tar.gz",
      "status": "resolved",
      "archive_sha256": "c0dc76f7586a645cb26d0d707b83323b4a11433153cc66ec3b6b1ef287b24ec8",
      "archive_bytes": 9826323,
      "commit": "cf294bf90833c3a85c54c5bf31918195aabfad03"
    }
  ]
